// !$*UTF8*$!
{
	archiveVersion = 1;
	classes = {
	};
	objectVersion = 51;
	objects = {

/* Begin PBXBuildFile section */
		2C3E6B40259244110082A952 /* AppDelegate.swift in Sources */ = {isa = PBXBuildFile; fileRef = 2C3E6B3F259244110082A952 /* AppDelegate.swift */; };
		2C3E6B42259244110082A952 /* SceneDelegate.swift in Sources */ = {isa = PBXBuildFile; fileRef = 2C3E6B41259244110082A952 /* SceneDelegate.swift */; };
		2C3E6B47259244110082A952 /* Main.storyboard in Resources */ = {isa = PBXBuildFile; fileRef = 2C3E6B45259244110082A952 /* Main.storyboard */; };
		2C3E6B49259244120082A952 /* Assets.xcassets in Resources */ = {isa = PBXBuildFile; fileRef = 2C3E6B48259244120082A952 /* Assets.xcassets */; };
		2C3E6B4C259244120082A952 /* LaunchScreen.storyboard in Resources */ = {isa = PBXBuildFile; fileRef = 2C3E6B4A259244120082A952 /* LaunchScreen.storyboard */; };
		2C40A97925926D2B00E26985 /* ActivityController.swift in Sources */ = {isa = PBXBuildFile; fileRef = 2C40A97825926D2B00E26985 /* ActivityController.swift */; };
		2C40A97C25926D3300E26985 /* Event.swift in Sources */ = {isa = PBXBuildFile; fileRef = 2C40A97B25926D3200E26985 /* Event.swift */; };
		E18D4BF29668B5F3B8B7774F /* Pods_RxSwift_Transforming_Operators.framework in Frameworks */ = {isa = PBXBuildFile; fileRef = 560C524E212BD4034589538E /* Pods_RxSwift_Transforming_Operators.framework */; };
/* End PBXBuildFile section */

/* Begin PBXFileReference section */
		2C3E6B3C259244110082A952 /* RxSwift-Transforming Operators.app */ = {isa = PBXFileReference; explicitFileType = wrapper.application; includeInIndex = 0; path = "RxSwift-Transforming Operators.app"; sourceTree = BUILT_PRODUCTS_DIR; };
		2C3E6B3F259244110082A952 /* AppDelegate.swift */ = {isa = PBXFileReference; lastKnownFileType = sourcecode.swift; path = AppDelegate.swift; sourceTree = "<group>"; };
		2C3E6B41259244110082A952 /* SceneDelegate.swift */ = {isa = PBXFileReference; lastKnownFileType = sourcecode.swift; path = SceneDelegate.swift; sourceTree = "<group>"; };
		2C3E6B46259244110082A952 /* Base */ = {isa = PBXFileReference; lastKnownFileType = file.storyboard; name = Base; path = Base.lproj/Main.storyboard; sourceTree = "<group>"; };
		2C3E6B48259244120082A952 /* Assets.xcassets */ = {isa = PBXFileReference; lastKnownFileType = folder.assetcatalog; path = Assets.xcassets; sourceTree = "<group>"; };
		2C3E6B4B259244120082A952 /* Base */ = {isa = PBXFileReference; lastKnownFileType = file.storyboard; name = Base; path = Base.lproj/LaunchScreen.storyboard; sourceTree = "<group>"; };
		2C3E6B4D259244120082A952 /* Info.plist */ = {isa = PBXFileReference; lastKnownFileType = text.plist.xml; path = Info.plist; sourceTree = "<group>"; };
		2C40A97825926D2B00E26985 /* ActivityController.swift */ = {isa = PBXFileReference; fileEncoding = 4; lastKnownFileType = sourcecode.swift; path = ActivityController.swift; sourceTree = "<group>"; };
		2C40A97B25926D3200E26985 /* Event.swift */ = {isa = PBXFileReference; fileEncoding = 4; lastKnownFileType = sourcecode.swift; path = Event.swift; sourceTree = "<group>"; };
		560C524E212BD4034589538E /* Pods_RxSwift_Transforming_Operators.framework */ = {isa = PBXFileReference; explicitFileType = wrapper.framework; includeInIndex = 0; path = Pods_RxSwift_Transforming_Operators.framework; sourceTree = BUILT_PRODUCTS_DIR; };
		9FF2E67DA5E54AF2AB82EEB8 /* Pods-RxSwift-Transforming Operators.release.xcconfig */ = {isa = PBXFileReference; includeInIndex = 1; lastKnownFileType = text.xcconfig; name = "Pods-RxSwift-Transforming Operators.release.xcconfig"; path = "Target Support Files/Pods-RxSwift-Transforming Operators/Pods-RxSwift-Transforming Operators.release.xcconfig"; sourceTree = "<group>"; };
		DB30DE59400082B080A2E988 /* Pods-RxSwift-Transforming Operators.debug.xcconfig */ = {isa = PBXFileReference; includeInIndex = 1; lastKnownFileType = text.xcconfig; name = "Pods-RxSwift-Transforming Operators.debug.xcconfig"; path = "Target Support Files/Pods-RxSwift-Transforming Operators/Pods-RxSwift-Transforming Operators.debug.xcconfig"; sourceTree = "<group>"; };
/* End PBXFileReference section */

/* Begin PBXFrameworksBuildPhase section */
		2C3E6B39259244110082A952 /* Frameworks */ = {
			isa = PBXFrameworksBuildPhase;
			buildActionMask = 2147483647;
			files = (
				E18D4BF29668B5F3B8B7774F /* Pods_RxSwift_Transforming_Operators.framework in Frameworks */,
			);
			runOnlyForDeploymentPostprocessing = 0;
		};
/* End PBXFrameworksBuildPhase section */

/* Begin PBXGroup section */
		2C3E6B33259244110082A952 = {
			isa = PBXGroup;
			children = (
				2C3E6B3E259244110082A952 /* RxSwift-Transforming Operators */,
				2C3E6B3D259244110082A952 /* Products */,
				5BF62E4F8F4D3F2E93B26373 /* Pods */,
				335D1586EF921F7E2CE22907 /* Frameworks */,
			);
			sourceTree = "<group>";
		};
		2C3E6B3D259244110082A952 /* Products */ = {
			isa = PBXGroup;
			children = (
				2C3E6B3C259244110082A952 /* RxSwift-Transforming Operators.app */,
			);
			name = Products;
			sourceTree = "<group>";
		};
		2C3E6B3E259244110082A952 /* RxSwift-Transforming Operators */ = {
			isa = PBXGroup;
			children = (
				2C3E6B3F259244110082A952 /* AppDelegate.swift */,
				2C3E6B41259244110082A952 /* SceneDelegate.swift */,
				2C40A97825926D2B00E26985 /* ActivityController.swift */,
				2C40A97B25926D3200E26985 /* Event.swift */,
				2C3E6B45259244110082A952 /* Main.storyboard */,
				2C3E6B48259244120082A952 /* Assets.xcassets */,
				2C3E6B4A259244120082A952 /* LaunchScreen.storyboard */,
				2C3E6B4D259244120082A952 /* Info.plist */,
			);
			path = "RxSwift-Transforming Operators";
			sourceTree = "<group>";
		};
		335D1586EF921F7E2CE22907 /* Frameworks */ = {
			isa = PBXGroup;
			children = (
				560C524E212BD4034589538E /* Pods_RxSwift_Transforming_Operators.framework */,
			);
			name = Frameworks;
			sourceTree = "<group>";
		};
		5BF62E4F8F4D3F2E93B26373 /* Pods */ = {
			isa = PBXGroup;
			children = (
				DB30DE59400082B080A2E988 /* Pods-RxSwift-Transforming Operators.debug.xcconfig */,
				9FF2E67DA5E54AF2AB82EEB8 /* Pods-RxSwift-Transforming Operators.release.xcconfig */,
			);
			path = Pods;
			sourceTree = "<group>";
		};
/* End PBXGroup section */

/* Begin PBXNativeTarget section */
		2C3E6B3B259244110082A952 /* RxSwift-Transforming Operators */ = {
			isa = PBXNativeTarget;
			buildConfigurationList = 2C3E6B50259244120082A952 /* Build configuration list for PBXNativeTarget "RxSwift-Transforming Operators" */;
			buildPhases = (
				C26A881789447443AB80C4F6 /* [CP] Check Pods Manifest.lock */,
				2C3E6B38259244110082A952 /* Sources */,
				2C3E6B39259244110082A952 /* Frameworks */,
				2C3E6B3A259244110082A952 /* Resources */,
				94702B1AB27B08EA43F3DE46 /* [CP] Embed Pods Frameworks */,
			);
			buildRules = (
			);
			dependencies = (
			);
			name = "RxSwift-Transforming Operators";
			productName = "RxSwift-Transforming Operators";
			productReference = 2C3E6B3C259244110082A952 /* RxSwift-Transforming Operators.app */;
			productType = "com.apple.product-type.application";
		};
/* End PBXNativeTarget section */

/* Begin PBXProject section */
		2C3E6B34259244110082A952 /* Project object */ = {
			isa = PBXProject;
			attributes = {
				LastSwiftUpdateCheck = 1200;
				LastUpgradeCheck = 1200;
				TargetAttributes = {
					2C3E6B3B259244110082A952 = {
						CreatedOnToolsVersion = 12.0;
					};
				};
			};
			buildConfigurationList = 2C3E6B37259244110082A952 /* Build configuration list for PBXProject "RxSwift-Transforming Operators" */;
			compatibilityVersion = "Xcode 9.3";
			developmentRegion = en;
			hasScannedForEncodings = 0;
			knownRegions = (
				en,
				Base,
			);
			mainGroup = 2C3E6B33259244110082A952;
			productRefGroup = 2C3E6B3D259244110082A952 /* Products */;
			projectDirPath = "";
			projectRoot = "";
			targets = (
				2C3E6B3B259244110082A952 /* RxSwift-Transforming Operators */,
			);
		};
/* End PBXProject section */

/* Begin PBXResourcesBuildPhase section */
		2C3E6B3A259244110082A952 /* Resources */ = {
			isa = PBXResourcesBuildPhase;
			buildActionMask = 2147483647;
			files = (
				2C3E6B4C259244120082A952 /* LaunchScreen.storyboard in Resources */,
				2C3E6B49259244120082A952 /* Assets.xcassets in Resources */,
				2C3E6B47259244110082A952 /* Main.storyboard in Resources */,
			);
			runOnlyForDeploymentPostprocessing = 0;
		};
/* End PBXResourcesBuildPhase section */

/* Begin PBXShellScriptBuildPhase section */
		94702B1AB27B08EA43F3DE46 /* [CP] Embed Pods Frameworks */ = {
			isa = PBXShellScriptBuildPhase;
			buildActionMask = 2147483647;
			files = (
			);
			inputFileListPaths = (
				"${PODS_ROOT}/Target Support Files/Pods-RxSwift-Transforming Operators/Pods-RxSwift-Transforming Operators-frameworks-${CONFIGURATION}-input-files.xcfilelist",
			);
			name = "[CP] Embed Pods Frameworks";
			outputFileListPaths = (
				"${PODS_ROOT}/Target Support Files/Pods-RxSwift-Transforming Operators/Pods-RxSwift-Transforming Operators-frameworks-${CONFIGURATION}-output-files.xcfilelist",
			);
			runOnlyForDeploymentPostprocessing = 0;
			shellPath = /bin/sh;
			shellScript = "\"${PODS_ROOT}/Target Support Files/Pods-RxSwift-Transforming Operators/Pods-RxSwift-Transforming Operators-frameworks.sh\"\n";
			showEnvVarsInLog = 0;
		};
		C26A881789447443AB80C4F6 /* [CP] Check Pods Manifest.lock */ = {
			isa = PBXShellScriptBuildPhase;
			buildActionMask = 2147483647;
			files = (
			);
			inputFileListPaths = (
			);
			inputPaths = (
				"${PODS_PODFILE_DIR_PATH}/Podfile.lock",
				"${PODS_ROOT}/Manifest.lock",
			);
			name = "[CP] Check Pods Manifest.lock";
			outputFileListPaths = (
			);
			outputPaths = (
				"$(DERIVED_FILE_DIR)/Pods-RxSwift-Transforming Operators-checkManifestLockResult.txt",
			);
			runOnlyForDeploymentPostprocessing = 0;
			shellPath = /bin/sh;
			shellScript = "diff \"${PODS_PODFILE_DIR_PATH}/Podfile.lock\" \"${PODS_ROOT}/Manifest.lock\" > /dev/null\nif [ $? != 0 ] ; then\n    # print error to STDERR\n    echo \"error: The sandbox is not in sync with the Podfile.lock. Run 'pod install' or update your CocoaPods installation.\" >&2\n    exit 1\nfi\n# This output is used by Xcode 'outputs' to avoid re-running this script phase.\necho \"SUCCESS\" > \"${SCRIPT_OUTPUT_FILE_0}\"\n";
			showEnvVarsInLog = 0;
		};
/* End PBXShellScriptBuildPhase section */

/* Begin PBXSourcesBuildPhase section */
		2C3E6B38259244110082A952 /* Sources */ = {
			isa = PBXSourcesBuildPhase;
			buildActionMask = 2147483647;
			files = (
				2C40A97925926D2B00E26985 /* ActivityController.swift in Sources */,
				2C3E6B40259244110082A952 /* AppDelegate.swift in Sources */,
				2C3E6B42259244110082A952 /* SceneDelegate.swift in Sources */,
				2C40A97C25926D3300E26985 /* Event.swift in Sources */,
			);
			runOnlyForDeploymentPostprocessing = 0;
		};
/* End PBXSourcesBuildPhase section */

/* Begin PBXVariantGroup section */
		2C3E6B45259244110082A952 /* Main.storyboard */ = {
			isa = PBXVariantGroup;
			children = (
				2C3E6B46259244110082A952 /* Base */,
			);
			name = Main.storyboard;
			sourceTree = "<group>";
		};
		2C3E6B4A259244120082A952 /* LaunchScreen.storyboard */ = {
			isa = PBXVariantGroup;
			children = (
				2C3E6B4B259244120082A952 /* Base */,
			);
			name = LaunchScreen.storyboard;
			sourceTree = "<group>";
		};
/* End PBXVariantGroup section */

/* Begin XCBuildConfiguration section */
		2C3E6B4E259244120082A952 /* Debug */ = {
			isa = XCBuildConfiguration;
			buildSettings = {
				ALWAYS_SEARCH_USER_PATHS = NO;
				CLANG_ANALYZER_NONNULL = YES;
				CLANG_ANALYZER_NUMBER_OBJECT_CONVERSION = YES_AGGRESSIVE;
				CLANG_CXX_LANGUAGE_STANDARD = "gnu++14";
				CLANG_CXX_LIBRARY = "libc++";
				CLANG_ENABLE_MODULES = YES;
				CLANG_ENABLE_OBJC_ARC = YES;
				CLANG_ENABLE_OBJC_WEAK = YES;
				CLANG_WARN_BLOCK_CAPTURE_AUTORELEASING = YES;
				CLANG_WARN_BOOL_CONVERSION = YES;
				CLANG_WARN_COMMA = YES;
				CLANG_WARN_CONSTANT_CONVERSION = YES;
				CLANG_WARN_DEPRECATED_OBJC_IMPLEMENTATIONS = YES;
				CLANG_WARN_DIRECT_OBJC_ISA_USAGE = YES_ERROR;
				CLANG_WARN_DOCUMENTATION_COMMENTS = YES;
				CLANG_WARN_EMPTY_BODY = YES;
				CLANG_WARN_ENUM_CONVERSION = YES;
				CLANG_WARN_INFINITE_RECURSION = YES;
				CLANG_WARN_INT_CONVERSION = YES;
				CLANG_WARN_NON_LITERAL_NULL_CONVERSION = YES;
				CLANG_WARN_OBJC_IMPLICIT_RETAIN_SELF = YES;
				CLANG_WARN_OBJC_LITERAL_CONVERSION = YES;
				CLANG_WARN_OBJC_ROOT_CLASS = YES_ERROR;
				CLANG_WARN_QUOTED_INCLUDE_IN_FRAMEWORK_HEADER = YES;
				CLANG_WARN_RANGE_LOOP_ANALYSIS = YES;
				CLANG_WARN_STRICT_PROTOTYPES = YES;
				CLANG_WARN_SUSPICIOUS_MOVE = YES;
				CLANG_WARN_UNGUARDED_AVAILABILITY = YES_AGGRESSIVE;
				CLANG_WARN_UNREACHABLE_CODE = YES;
				CLANG_WARN__DUPLICATE_METHOD_MATCH = YES;
				COPY_PHASE_STRIP = NO;
				DEBUG_INFORMATION_FORMAT = dwarf;
				ENABLE_STRICT_OBJC_MSGSEND = YES;
				ENABLE_TESTABILITY = YES;
				GCC_C_LANGUAGE_STANDARD = gnu11;
				GCC_DYNAMIC_NO_PIC = NO;
				GCC_NO_COMMON_BLOCKS = YES;
				GCC_OPTIMIZATION_LEVEL = 0;
				GCC_PREPROCESSOR_DEFINITIONS = (
					"DEBUG=1",
					"$(inherited)",
				);
				GCC_WARN_64_TO_32_BIT_CONVERSION = YES;
				GCC_WARN_ABOUT_RETURN_TYPE = YES_ERROR;
				GCC_WARN_UNDECLARED_SELECTOR = YES;
				GCC_WARN_UNINITIALIZED_AUTOS = YES_AGGRESSIVE;
				GCC_WARN_UNUSED_FUNCTION = YES;
				GCC_WARN_UNUSED_VARIABLE = YES;
				IPHONEOS_DEPLOYMENT_TARGET = 14.0;
				MTL_ENABLE_DEBUG_INFO = INCLUDE_SOURCE;
				MTL_FAST_MATH = YES;
				ONLY_ACTIVE_ARCH = YES;
				SDKROOT = iphoneos;
				SWIFT_ACTIVE_COMPILATION_CONDITIONS = DEBUG;
				SWIFT_OPTIMIZATION_LEVEL = "-Onone";
			};
			name = Debug;
		};
		2C3E6B4F259244120082A952 /* Release */ = {
			isa = XCBuildConfiguration;
			buildSettings = {
				ALWAYS_SEARCH_USER_PATHS = NO;
				CLANG_ANALYZER_NONNULL = YES;
				CLANG_ANALYZER_NUMBER_OBJECT_CONVERSION = YES_AGGRESSIVE;
				CLANG_CXX_LANGUAGE_STANDARD = "gnu++14";
				CLANG_CXX_LIBRARY = "libc++";
				CLANG_ENABLE_MODULES = YES;
				CLANG_ENABLE_OBJC_ARC = YES;
				CLANG_ENABLE_OBJC_WEAK = YES;
				CLANG_WARN_BLOCK_CAPTURE_AUTORELEASING = YES;
				CLANG_WARN_BOOL_CONVERSION = YES;
				CLANG_WARN_COMMA = YES;
				CLANG_WARN_CONSTANT_CONVERSION = YES;
				CLANG_WARN_DEPRECATED_OBJC_IMPLEMENTATIONS = YES;
				CLANG_WARN_DIRECT_OBJC_ISA_USAGE = YES_ERROR;
				CLANG_WARN_DOCUMENTATION_COMMENTS = YES;
				CLANG_WARN_EMPTY_BODY = YES;
				CLANG_WARN_ENUM_CONVERSION = YES;
				CLANG_WARN_INFINITE_RECURSION = YES;
				CLANG_WARN_INT_CONVERSION = YES;
				CLANG_WARN_NON_LITERAL_NULL_CONVERSION = YES;
				CLANG_WARN_OBJC_IMPLICIT_RETAIN_SELF = YES;
				CLANG_WARN_OBJC_LITERAL_CONVERSION = YES;
				CLANG_WARN_OBJC_ROOT_CLASS = YES_ERROR;
				CLANG_WARN_QUOTED_INCLUDE_IN_FRAMEWORK_HEADER = YES;
				CLANG_WARN_RANGE_LOOP_ANALYSIS = YES;
				CLANG_WARN_STRICT_PROTOTYPES = YES;
				CLANG_WARN_SUSPICIOUS_MOVE = YES;
				CLANG_WARN_UNGUARDED_AVAILABILITY = YES_AGGRESSIVE;
				CLANG_WARN_UNREACHABLE_CODE = YES;
				CLANG_WARN__DUPLICATE_METHOD_MATCH = YES;
				COPY_PHASE_STRIP = NO;
				DEBUG_INFORMATION_FORMAT = "dwarf-with-dsym";
				ENABLE_NS_ASSERTIONS = NO;
				ENABLE_STRICT_OBJC_MSGSEND = YES;
				GCC_C_LANGUAGE_STANDARD = gnu11;
				GCC_NO_COMMON_BLOCKS = YES;
				GCC_WARN_64_TO_32_BIT_CONVERSION = YES;
				GCC_WARN_ABOUT_RETURN_TYPE = YES_ERROR;
				GCC_WARN_UNDECLARED_SELECTOR = YES;
				GCC_WARN_UNINITIALIZED_AUTOS = YES_AGGRESSIVE;
				GCC_WARN_UNUSED_FUNCTION = YES;
				GCC_WARN_UNUSED_VARIABLE = YES;
				IPHONEOS_DEPLOYMENT_TARGET = 14.0;
				MTL_ENABLE_DEBUG_INFO = NO;
				MTL_FAST_MATH = YES;
				SDKROOT = iphoneos;
				SWIFT_COMPILATION_MODE = wholemodule;
				SWIFT_OPTIMIZATION_LEVEL = "-O";
				VALIDATE_PRODUCT = YES;
			};
			name = Release;
		};
		2C3E6B51259244120082A952 /* Debug */ = {
			isa = XCBuildConfiguration;
			baseConfigurationReference = DB30DE59400082B080A2E988 /* Pods-RxSwift-Transforming Operators.debug.xcconfig */;
			buildSettings = {
				ASSETCATALOG_COMPILER_APPICON_NAME = AppIcon;
				ASSETCATALOG_COMPILER_GLOBAL_ACCENT_COLOR_NAME = AccentColor;
				CODE_SIGN_STYLE = Automatic;
				DEVELOPMENT_TEAM = T7T8HD6U45;
				INFOPLIST_FILE = "RxSwift-Transforming Operators/Info.plist";
				LD_RUNPATH_SEARCH_PATHS = (
					"$(inherited)",
					"@executable_path/Frameworks",
				);
				PRODUCT_BUNDLE_IDENTIFIER = "com.ahmedbeddah.RxSwift-Transforming-Operators";
				PRODUCT_NAME = "$(TARGET_NAME)";
				SWIFT_VERSION = 5.0;
				TARGETED_DEVICE_FAMILY = "1,2";
			};
			name = Debug;
		};
		2C3E6B52259244120082A952 /* Release */ = {
			isa = XCBuildConfiguration;
			baseConfigurationReference = 9FF2E67DA5E54AF2AB82EEB8 /* Pods-RxSwift-Transforming Operators.release.xcconfig */;
			buildSettings = {
				ASSETCATALOG_COMPILER_APPICON_NAME = AppIcon;
				ASSETCATALOG_COMPILER_GLOBAL_ACCENT_COLOR_NAME = AccentColor;
				CODE_SIGN_STYLE = Automatic;
				DEVELOPMENT_TEAM = T7T8HD6U45;
				INFOPLIST_FILE = "RxSwift-Transforming Operators/Info.plist";
				LD_RUNPATH_SEARCH_PATHS = (
					"$(inherited)",
					"@executable_path/Frameworks",
				);
				PRODUCT_BUNDLE_IDENTIFIER = "com.ahmedbeddah.RxSwift-Transforming-Operators";
				PRODUCT_NAME = "$(TARGET_NAME)";
				SWIFT_VERSION = 5.0;
				TARGETED_DEVICE_FAMILY = "1,2";
			};
			name = Release;
		};
/* End XCBuildConfiguration section */

/* Begin XCConfigurationList section */
		2C3E6B37259244110082A952 /* Build configuration list for PBXProject "RxSwift-Transforming Operators" */ = {
			isa = XCConfigurationList;
			buildConfigurations = (
				2C3E6B4E259244120082A952 /* Debug */,
				2C3E6B4F259244120082A952 /* Release */,
			);
			defaultConfigurationIsVisible = 0;
			defaultConfigurationName = Release;
		};
		2C3E6B50259244120082A952 /* Build configuration list for PBXNativeTarget "RxSwift-Transforming Operators" */ = {
			isa = XCConfigurationList;
			buildConfigurations = (
				2C3E6B51259244120082A952 /* Debug */,
				2C3E6B52259244120082A952 /* Release */,
			);
			defaultConfigurationIsVisible = 0;
			defaultConfigurationName = Release;
		};
/* End XCConfigurationList section */
	};
	rootObject = 2C3E6B34259244110082A952 /* Project object */;
}
